
Microsoft Visual Studio Solution File, Format Version 12.00
# Visual Studio Version 17
VisualStudioVersion = 17.2.32616.157
MinimumVisualStudioVersion = 10.0.40219.1
Project("{FAE04EC0-301F-11D3-BF4B-00C04F79EFBC}") = "DotnetCore", "DotnetCore\DotnetCore.csproj", "{B775414A-C547-4DB1-AB0C-B7D00CA28CC4}"
EndProject
Global
	GlobalSection(SolutionConfigurationPlatforms) = preSolution
		Debug|Any CPU = Debug|Any CPU
		Release|Any CPU = Release|Any CPU
	EndGlobalSection
	GlobalSection(ProjectConfigurationPlatforms) = postSolution
		{B775414A-C547-4DB1-AB0C-B7D00CA28CC4}.Debug|Any CPU.ActiveCfg = Debug|Any CPU
		{B775414A-C547-4DB1-AB0C-B7D00CA28CC4}.Debug|Any CPU.Build.0 = Debug|Any CPU
		{B775414A-C547-4DB1-AB0C-B7D00CA28CC4}.Release|Any CPU.ActiveCfg = Release|Any CPU
		{B775414A-C547-4DB1-AB0C-B7D00CA28CC4}.Release|Any CPU.Build.0 = Release|Any CPU
	EndGlobalSection
	GlobalSection(SolutionProperties) = preSolution
		HideSolutionNode = FALSE
	EndGlobalSection
	GlobalSection(ExtensibilityGlobals) = postSolution
		SolutionGuid = {8C91303C-5F00-4290-B308-FB3E8D850B6B}
	EndGlobalSection
EndGlobal
